
Microsoft Visual Studio Solution File, Format Version 12.00
# Visual Studio Version 17
VisualStudioVersion = 17.8.34322.80
MinimumVisualStudioVersion = 10.0.40219.1
Project("{FAE04EC0-301F-11D3-BF4B-00C04F79EFBC}") = "BazyDanych", "BazyDanych\BazyDanych.csproj", "{38345E81-89F4-49F0-95A7-A0B8681DF3F3}"
EndProject
Global
	GlobalSection(SolutionConfigurationPlatforms) = preSolution
		Debug|Any CPU = Debug|Any CPU
		Release|Any CPU = Release|Any CPU
	EndGlobalSection
	GlobalSection(ProjectConfigurationPlatforms) = postSolution
		{38345E81-89F4-49F0-95A7-A0B8681DF3F3}.Debug|Any CPU.ActiveCfg = Debug|Any CPU
		{38345E81-89F4-49F0-95A7-A0B8681DF3F3}.Debug|Any CPU.Build.0 = Debug|Any CPU
		{38345E81-89F4-49F0-95A7-A0B8681DF3F3}.Release|Any CPU.ActiveCfg = Release|Any CPU
		{38345E81-89F4-49F0-95A7-A0B8681DF3F3}.Release|Any CPU.Build.0 = Release|Any CPU
	EndGlobalSection
	GlobalSection(SolutionProperties) = preSolution
		HideSolutionNode = FALSE
	EndGlobalSection
	GlobalSection(ExtensibilityGlobals) = postSolution
		SolutionGuid = {DDE7489A-CEEE-4E21-A669-6AA2CD0823B4}
	EndGlobalSection
EndGlobal
